
Microsoft Visual Studio Solution File, Format Version 12.00
# Visual Studio Version 17
VisualStudioVersion = 17.0.31903.59
MinimumVisualStudioVersion = 10.0.40219.1
Project("{2150E333-8FDC-42A3-9474-1A3956D46DE8}") = "src", "src", "{827E0CD3-B72D-47B6-A68D-7590B98EB39B}"
EndProject
Project("{FAE04EC0-301F-11D3-BF4B-00C04F79EFBC}") = "Edu.Web", "src\Edu.Web\Edu.Web.csproj", "{62B6A8BF-F972-44B2-93E2-6B0690878AB2}"
EndProject
Project("{FAE04EC0-301F-11D3-BF4B-00C04F79EFBC}") = "Edu.Application", "src\Edu.Application\Edu.Application.csproj", "{EA44E5EA-F12C-4A2F-9472-C678399FFFF0}"
EndProject
Project("{FAE04EC0-301F-11D3-BF4B-00C04F79EFBC}") = "Edu.Domain", "src\Edu.Domain\Edu.Domain.csproj", "{A4ABF06B-1BD1-4345-A6D8-572D15D22B3A}"
EndProject
Project("{FAE04EC0-301F-11D3-BF4B-00C04F79EFBC}") = "Edu.Infrastructure", "src\Edu.Infrastructure\Edu.Infrastructure.csproj", "{9C404010-C677-4ADF-A2A6-F7A7ADEDD7E8}"
EndProject
Global
	GlobalSection(SolutionConfigurationPlatforms) = preSolution
		Debug|Any CPU = Debug|Any CPU
		Debug|x64 = Debug|x64
		Debug|x86 = Debug|x86
		Release|Any CPU = Release|Any CPU
		Release|x64 = Release|x64
		Release|x86 = Release|x86
	EndGlobalSection
	GlobalSection(ProjectConfigurationPlatforms) = postSolution
		{62B6A8BF-F972-44B2-93E2-6B0690878AB2}.Debug|Any CPU.ActiveCfg = Debug|Any CPU
		{62B6A8BF-F972-44B2-93E2-6B0690878AB2}.Debug|Any CPU.Build.0 = Debug|Any CPU
		{62B6A8BF-F972-44B2-93E2-6B0690878AB2}.Debug|x64.ActiveCfg = Debug|Any CPU
		{62B6A8BF-F972-44B2-93E2-6B0690878AB2}.Debug|x64.Build.0 = Debug|Any CPU
		{62B6A8BF-F972-44B2-93E2-6B0690878AB2}.Debug|x86.ActiveCfg = Debug|Any CPU
		{62B6A8BF-F972-44B2-93E2-6B0690878AB2}.Debug|x86.Build.0 = Debug|Any CPU
		{62B6A8BF-F972-44B2-93E2-6B0690878AB2}.Release|Any CPU.ActiveCfg = Release|Any CPU
		{62B6A8BF-F972-44B2-93E2-6B0690878AB2}.Release|Any CPU.Build.0 = Release|Any CPU
		{62B6A8BF-F972-44B2-93E2-6B0690878AB2}.Release|x64.ActiveCfg = Release|Any CPU
		{62B6A8BF-F972-44B2-93E2-6B0690878AB2}.Release|x64.Build.0 = Release|Any CPU
		{62B6A8BF-F972-44B2-93E2-6B0690878AB2}.Release|x86.ActiveCfg = Release|Any CPU
		{62B6A8BF-F972-44B2-93E2-6B0690878AB2}.Release|x86.Build.0 = Release|Any CPU
		{EA44E5EA-F12C-4A2F-9472-C678399FFFF0}.Debug|Any CPU.ActiveCfg = Debug|Any CPU
		{EA44E5EA-F12C-4A2F-9472-C678399FFFF0}.Debug|Any CPU.Build.0 = Debug|Any CPU
		{EA44E5EA-F12C-4A2F-9472-C678399FFFF0}.Debug|x64.ActiveCfg = Debug|Any CPU
		{EA44E5EA-F12C-4A2F-9472-C678399FFFF0}.Debug|x64.Build.0 = Debug|Any CPU
		{EA44E5EA-F12C-4A2F-9472-C678399FFFF0}.Debug|x86.ActiveCfg = Debug|Any CPU
		{EA44E5EA-F12C-4A2F-9472-C678399FFFF0}.Debug|x86.Build.0 = Debug|Any CPU
		{EA44E5EA-F12C-4A2F-9472-C678399FFFF0}.Release|Any CPU.ActiveCfg = Release|Any CPU
		{EA44E5EA-F12C-4A2F-9472-C678399FFFF0}.Release|Any CPU.Build.0 = Release|Any CPU
		{EA44E5EA-F12C-4A2F-9472-C678399FFFF0}.Release|x64.ActiveCfg = Release|Any CPU
		{EA44E5EA-F12C-4A2F-9472-C678399FFFF0}.Release|x64.Build.0 = Release|Any CPU
		{EA44E5EA-F12C-4A2F-9472-C678399FFFF0}.Release|x86.ActiveCfg = Release|Any CPU
		{EA44E5EA-F12C-4A2F-9472-C678399FFFF0}.Release|x86.Build.0 = Release|Any CPU
		{A4ABF06B-1BD1-4345-A6D8-572D15D22B3A}.Debug|Any CPU.ActiveCfg = Debug|Any CPU
		{A4ABF06B-1BD1-4345-A6D8-572D15D22B3A}.Debug|Any CPU.Build.0 = Debug|Any CPU
		{A4ABF06B-1BD1-4345-A6D8-572D15D22B3A}.Debug|x64.ActiveCfg = Debug|Any CPU
		{A4ABF06B-1BD1-4345-A6D8-572D15D22B3A}.Debug|x64.Build.0 = Debug|Any CPU
		{A4ABF06B-1BD1-4345-A6D8-572D15D22B3A}.Debug|x86.ActiveCfg = Debug|Any CPU
		{A4ABF06B-1BD1-4345-A6D8-572D15D22B3A}.Debug|x86.Build.0 = Debug|Any CPU
		{A4ABF06B-1BD1-4345-A6D8-572D15D22B3A}.Release|Any CPU.ActiveCfg = Release|Any CPU
		{A4ABF06B-1BD1-4345-A6D8-572D15D22B3A}.Release|Any CPU.Build.0 = Release|Any CPU
		{A4ABF06B-1BD1-4345-A6D8-572D15D22B3A}.Release|x64.ActiveCfg = Release|Any CPU
		{A4ABF06B-1BD1-4345-A6D8-572D15D22B3A}.Release|x64.Build.0 = Release|Any CPU
		{A4ABF06B-1BD1-4345-A6D8-572D15D22B3A}.Release|x86.ActiveCfg = Release|Any CPU
		{A4ABF06B-1BD1-4345-A6D8-572D15D22B3A}.Release|x86.Build.0 = Release|Any CPU
		{9C404010-C677-4ADF-A2A6-F7A7ADEDD7E8}.Debug|Any CPU.ActiveCfg = Debug|Any CPU
		{9C404010-C677-4ADF-A2A6-F7A7ADEDD7E8}.Debug|Any CPU.Build.0 = Debug|Any CPU
		{9C404010-C677-4ADF-A2A6-F7A7ADEDD7E8}.Debug|x64.ActiveCfg = Debug|Any CPU
		{9C404010-C677-4ADF-A2A6-F7A7ADEDD7E8}.Debug|x64.Build.0 = Debug|Any CPU
		{9C404010-C677-4ADF-A2A6-F7A7ADEDD7E8}.Debug|x86.ActiveCfg = Debug|Any CPU
		{9C404010-C677-4ADF-A2A6-F7A7ADEDD7E8}.Debug|x86.Build.0 = Debug|Any CPU
		{9C404010-C677-4ADF-A2A6-F7A7ADEDD7E8}.Release|Any CPU.ActiveCfg = Release|Any CPU
		{9C404010-C677-4ADF-A2A6-F7A7ADEDD7E8}.Release|Any CPU.Build.0 = Release|Any CPU
		{9C404010-C677-4ADF-A2A6-F7A7ADEDD7E8}.Release|x64.ActiveCfg = Release|Any CPU
		{9C404010-C677-4ADF-A2A6-F7A7ADEDD7E8}.Release|x64.Build.0 = Release|Any CPU
		{9C404010-C677-4ADF-A2A6-F7A7ADEDD7E8}.Release|x86.ActiveCfg = Release|Any CPU
		{9C404010-C677-4ADF-A2A6-F7A7ADEDD7E8}.Release|x86.Build.0 = Release|Any CPU
	EndGlobalSection
	GlobalSection(SolutionProperties) = preSolution
		HideSolutionNode = FALSE
	EndGlobalSection
	GlobalSection(NestedProjects) = preSolution
		{62B6A8BF-F972-44B2-93E2-6B0690878AB2} = {827E0CD3-B72D-47B6-A68D-7590B98EB39B}
		{EA44E5EA-F12C-4A2F-9472-C678399FFFF0} = {827E0CD3-B72D-47B6-A68D-7590B98EB39B}
		{A4ABF06B-1BD1-4345-A6D8-572D15D22B3A} = {827E0CD3-B72D-47B6-A68D-7590B98EB39B}
		{9C404010-C677-4ADF-A2A6-F7A7ADEDD7E8} = {827E0CD3-B72D-47B6-A68D-7590B98EB39B}
	EndGlobalSection
	GlobalSection(ExtensibilityGlobals) = postSolution
		SolutionGuid = {16E5DA4B-7143-4749-8234-14EF855BFA2C}
	EndGlobalSection
EndGlobal
